
Microsoft Visual Studio Solution File, Format Version 12.00
# Visual Studio Version 17
VisualStudioVersion = 17.13.35931.197 d17.13
MinimumVisualStudioVersion = 10.0.40219.1
Project("{FAE04EC0-301F-11D3-BF4B-00C04F79EFBC}") = "Prodotti_Abbigliamento", "Prodotti_Abbigliamento\Prodotti_Abbigliamento.csproj", "{27FBE8E2-CD50-4AEC-9370-5D4EACF26BE4}"
EndProject
Global
	GlobalSection(SolutionConfigurationPlatforms) = preSolution
		Debug|Any CPU = Debug|Any CPU
		Release|Any CPU = Release|Any CPU
	EndGlobalSection
	GlobalSection(ProjectConfigurationPlatforms) = postSolution
		{27FBE8E2-CD50-4AEC-9370-5D4EACF26BE4}.Debug|Any CPU.ActiveCfg = Debug|Any CPU
		{27FBE8E2-CD50-4AEC-9370-5D4EACF26BE4}.Debug|Any CPU.Build.0 = Debug|Any CPU
		{27FBE8E2-CD50-4AEC-9370-5D4EACF26BE4}.Release|Any CPU.ActiveCfg = Release|Any CPU
		{27FBE8E2-CD50-4AEC-9370-5D4EACF26BE4}.Release|Any CPU.Build.0 = Release|Any CPU
	EndGlobalSection
	GlobalSection(SolutionProperties) = preSolution
		HideSolutionNode = FALSE
	EndGlobalSection
	GlobalSection(ExtensibilityGlobals) = postSolution
		SolutionGuid = {BEF32E0A-587D-40D7-BE78-DDF2D94D13AB}
	EndGlobalSection
EndGlobal
